
Microsoft Visual Studio Solution File, Format Version 12.00
# Visual Studio Version 16
VisualStudioVersion = 16.0.31424.327
MinimumVisualStudioVersion = 10.0.40219.1
Project("{9A19103F-16F7-4668-BE54-9A1E7A4F7556}") = "sdk_test", "sdk_test\sdk_test.csproj", "{62E28C6C-32ED-476D-A208-3EAD7CB947FF}"
EndProject
Project("{9A19103F-16F7-4668-BE54-9A1E7A4F7556}") = "sdk", "sdk\sdk.csproj", "{FDDC9973-F1EC-4E40-8F58-D3B4E98D9612}"
EndProject
Project("{9A19103F-16F7-4668-BE54-9A1E7A4F7556}") = "sacco", "..\sacco.cs-master\sacco\sacco.csproj", "{F78B4DAF-915C-4667-A607-F7B3F2E7FF0A}"
EndProject
Global
	GlobalSection(SolutionConfigurationPlatforms) = preSolution
		Debug|Any CPU = Debug|Any CPU
		Release|Any CPU = Release|Any CPU
	EndGlobalSection
	GlobalSection(ProjectConfigurationPlatforms) = postSolution
		{62E28C6C-32ED-476D-A208-3EAD7CB947FF}.Debug|Any CPU.ActiveCfg = Debug|Any CPU
		{62E28C6C-32ED-476D-A208-3EAD7CB947FF}.Debug|Any CPU.Build.0 = Debug|Any CPU
		{62E28C6C-32ED-476D-A208-3EAD7CB947FF}.Release|Any CPU.ActiveCfg = Release|Any CPU
		{62E28C6C-32ED-476D-A208-3EAD7CB947FF}.Release|Any CPU.Build.0 = Release|Any CPU
		{FDDC9973-F1EC-4E40-8F58-D3B4E98D9612}.Debug|Any CPU.ActiveCfg = Debug|Any CPU
		{FDDC9973-F1EC-4E40-8F58-D3B4E98D9612}.Debug|Any CPU.Build.0 = Debug|Any CPU
		{FDDC9973-F1EC-4E40-8F58-D3B4E98D9612}.Release|Any CPU.ActiveCfg = Release|Any CPU
		{FDDC9973-F1EC-4E40-8F58-D3B4E98D9612}.Release|Any CPU.Build.0 = Release|Any CPU
		{F78B4DAF-915C-4667-A607-F7B3F2E7FF0A}.Debug|Any CPU.ActiveCfg = Debug|Any CPU
		{F78B4DAF-915C-4667-A607-F7B3F2E7FF0A}.Debug|Any CPU.Build.0 = Debug|Any CPU
		{F78B4DAF-915C-4667-A607-F7B3F2E7FF0A}.Release|Any CPU.ActiveCfg = Release|Any CPU
		{F78B4DAF-915C-4667-A607-F7B3F2E7FF0A}.Release|Any CPU.Build.0 = Release|Any CPU
	EndGlobalSection
	GlobalSection(SolutionProperties) = preSolution
		HideSolutionNode = FALSE
	EndGlobalSection
	GlobalSection(ExtensibilityGlobals) = postSolution
		SolutionGuid = {1E9CF783-8569-4D58-887D-3E4F71B25123}
	EndGlobalSection
EndGlobal
